
Microsoft Visual Studio Solution File, Format Version 12.00
# Visual Studio Version 17
VisualStudioVersion = 17.8.34525.116
MinimumVisualStudioVersion = 10.0.40219.1
Project("{9A19103F-16F7-4668-BE54-9A1E7A4F7556}") = "ParkNet_Ricardo.Campos", "ParkNet_Ricardo.Campos.csproj", "{7AB182C2-BCA4-4CB4-BB55-BB766D7F10A8}"
EndProject
Project("{9A19103F-16F7-4668-BE54-9A1E7A4F7556}") = "ParkNetTests", "..\ParkNetTests\ParkNetTests.csproj", "{B267ABC5-6A84-441D-8207-3AC3CB930F76}"
EndProject
Global
	GlobalSection(SolutionConfigurationPlatforms) = preSolution
		Debug|Any CPU = Debug|Any CPU
		Release|Any CPU = Release|Any CPU
	EndGlobalSection
	GlobalSection(ProjectConfigurationPlatforms) = postSolution
		{7AB182C2-BCA4-4CB4-BB55-BB766D7F10A8}.Debug|Any CPU.ActiveCfg = Debug|Any CPU
		{7AB182C2-BCA4-4CB4-BB55-BB766D7F10A8}.Debug|Any CPU.Build.0 = Debug|Any CPU
		{7AB182C2-BCA4-4CB4-BB55-BB766D7F10A8}.Release|Any CPU.ActiveCfg = Release|Any CPU
		{7AB182C2-BCA4-4CB4-BB55-BB766D7F10A8}.Release|Any CPU.Build.0 = Release|Any CPU
		{B267ABC5-6A84-441D-8207-3AC3CB930F76}.Debug|Any CPU.ActiveCfg = Debug|Any CPU
		{B267ABC5-6A84-441D-8207-3AC3CB930F76}.Debug|Any CPU.Build.0 = Debug|Any CPU
		{B267ABC5-6A84-441D-8207-3AC3CB930F76}.Release|Any CPU.ActiveCfg = Release|Any CPU
		{B267ABC5-6A84-441D-8207-3AC3CB930F76}.Release|Any CPU.Build.0 = Release|Any CPU
	EndGlobalSection
	GlobalSection(SolutionProperties) = preSolution
		HideSolutionNode = FALSE
	EndGlobalSection
	GlobalSection(ExtensibilityGlobals) = postSolution
		SolutionGuid = {AE5E73A1-243A-4FD4-94B2-D61F7CB0E6B8}
	EndGlobalSection
EndGlobal
